{
  "version": 4,
  "terraform_version": "1.2.7",
  "serial": 5,
  "lineage": "b845ca6e-f639-d5c3-f83f-f7ed96bccc2d",
  "outputs": {},
  "resources": [
    {
      "mode": "managed",
      "type": "aws_vpc",
      "name": "dev_vpc",
      "provider": "provider[\"registry.terraform.io/hashicorp/aws\"]",
      "instances": [
        {
          "schema_version": 1,
          "attributes": {
            "arn": "arn:aws:ec2:us-east-1:986785391377:vpc/vpc-0692ffd68cd391438",
            "assign_generated_ipv6_cidr_block": false,
            "cidr_block": "10.0.0.0/16",
            "default_network_acl_id": "acl-0b415ab44f2fd017f",
            "default_route_table_id": "rtb-0fb68e3ea376052a4",
            "default_security_group_id": "sg-083e92988ebb1ba4f",
            "dhcp_options_id": "dopt-030c4e57031ae42dd",
            "enable_classiclink": false,
            "enable_classiclink_dns_support": false,
            "enable_dns_hostnames": false,
            "enable_dns_support": true,
            "enable_network_address_usage_metrics": false,
            "id": "vpc-0692ffd68cd391438",
            "instance_tenancy": "default",
            "ipv4_ipam_pool_id": null,
            "ipv4_netmask_length": null,
            "ipv6_association_id": "",
            "ipv6_cidr_block": "",
            "ipv6_cidr_block_network_border_group": "",
            "ipv6_ipam_pool_id": "",
            "ipv6_netmask_length": 0,
            "main_route_table_id": "rtb-0fb68e3ea376052a4",
            "owner_id": "986785391377",
            "tags": {
              "Name": "ShiraIdan-dev-vpc"
            },
            "tags_all": {
              "Name": "ShiraIdan-dev-vpc"
            }
          },
          "sensitive_attributes": [],
          "private": "eyJzY2hlbWFfdmVyc2lvbiI6IjEifQ=="
        }
      ]
    }
  ]
}
